PODS:
  - Motion (1.4.3):
    - Motion/Core (= 1.4.3)
  - Motion/Core (1.4.3)

DEPENDENCIES:
  - Motion

SPEC REPOS:
  https://github.com/cocoapods/specs.git:
    - Motion

SPEC CHECKSUMS:
  Motion: 153ba49692997888556c7a95207278a8b1f8be95

PODFILE CHECKSUM: ed9c99b24b8956a4e447d5f76ab638a8b502cf5e

COCOAPODS: 1.5.3
